
Microsoft Visual Studio Solution File, Format Version 12.00
# Visual Studio Version 17
VisualStudioVersion = 17.11.35208.52
MinimumVisualStudioVersion = 10.0.40219.1
Project("{FAE04EC0-301F-11D3-BF4B-00C04F79EFBC}") = "threadinCsharp", "threadinCsharp\threadinCsharp.csproj", "{9EF7A6A9-C4D5-4ED5-93C6-417FA1FB136E}"
EndProject
Global
	GlobalSection(SolutionConfigurationPlatforms) = preSolution
		Debug|Any CPU = Debug|Any CPU
		Release|Any CPU = Release|Any CPU
	EndGlobalSection
	GlobalSection(ProjectConfigurationPlatforms) = postSolution
		{9EF7A6A9-C4D5-4ED5-93C6-417FA1FB136E}.Debug|Any CPU.ActiveCfg = Debug|Any CPU
		{9EF7A6A9-C4D5-4ED5-93C6-417FA1FB136E}.Debug|Any CPU.Build.0 = Debug|Any CPU
		{9EF7A6A9-C4D5-4ED5-93C6-417FA1FB136E}.Release|Any CPU.ActiveCfg = Release|Any CPU
		{9EF7A6A9-C4D5-4ED5-93C6-417FA1FB136E}.Release|Any CPU.Build.0 = Release|Any CPU
	EndGlobalSection
	GlobalSection(SolutionProperties) = preSolution
		HideSolutionNode = FALSE
	EndGlobalSection
	GlobalSection(ExtensibilityGlobals) = postSolution
		SolutionGuid = {0311AB9B-638F-4152-A4E8-42A6546EF988}
	EndGlobalSection
EndGlobal
