
Microsoft Visual Studio Solution File, Format Version 12.00
# Visual Studio Version 17
VisualStudioVersion = 17.11.35208.52
MinimumVisualStudioVersion = 10.0.40219.1
Project("{FAE04EC0-301F-11D3-BF4B-00C04F79EFBC}") = "leetcode2180", "leetcode2180\leetcode2180.csproj", "{E5590294-CBED-411F-9910-853B8227E989}"
EndProject
Global
	GlobalSection(SolutionConfigurationPlatforms) = preSolution
		Debug|Any CPU = Debug|Any CPU
		Release|Any CPU = Release|Any CPU
	EndGlobalSection
	GlobalSection(ProjectConfigurationPlatforms) = postSolution
		{E5590294-CBED-411F-9910-853B8227E989}.Debug|Any CPU.ActiveCfg = Debug|Any CPU
		{E5590294-CBED-411F-9910-853B8227E989}.Debug|Any CPU.Build.0 = Debug|Any CPU
		{E5590294-CBED-411F-9910-853B8227E989}.Release|Any CPU.ActiveCfg = Release|Any CPU
		{E5590294-CBED-411F-9910-853B8227E989}.Release|Any CPU.Build.0 = Release|Any CPU
	EndGlobalSection
	GlobalSection(SolutionProperties) = preSolution
		HideSolutionNode = FALSE
	EndGlobalSection
	GlobalSection(ExtensibilityGlobals) = postSolution
		SolutionGuid = {0A4E1E2C-7D0D-4275-B8A2-36A1C27B41A8}
	EndGlobalSection
EndGlobal
