
Microsoft Visual Studio Solution File, Format Version 12.00
# Visual Studio Version 17
VisualStudioVersion = 17.11.35208.52
MinimumVisualStudioVersion = 10.0.40219.1
Project("{FAE04EC0-301F-11D3-BF4B-00C04F79EFBC}") = "helloworld", "helloworld\helloworld.csproj", "{1F1DC64E-39B7-4A99-8965-8447254F484C}"
EndProject
Global
	GlobalSection(SolutionConfigurationPlatforms) = preSolution
		Debug|Any CPU = Debug|Any CPU
		Release|Any CPU = Release|Any CPU
	EndGlobalSection
	GlobalSection(ProjectConfigurationPlatforms) = postSolution
		{1F1DC64E-39B7-4A99-8965-8447254F484C}.Debug|Any CPU.ActiveCfg = Debug|Any CPU
		{1F1DC64E-39B7-4A99-8965-8447254F484C}.Debug|Any CPU.Build.0 = Debug|Any CPU
		{1F1DC64E-39B7-4A99-8965-8447254F484C}.Release|Any CPU.ActiveCfg = Release|Any CPU
		{1F1DC64E-39B7-4A99-8965-8447254F484C}.Release|Any CPU.Build.0 = Release|Any CPU
	EndGlobalSection
	GlobalSection(SolutionProperties) = preSolution
		HideSolutionNode = FALSE
	EndGlobalSection
	GlobalSection(ExtensibilityGlobals) = postSolution
		SolutionGuid = {0E1911FA-BDF2-4646-A69C-25C60E4D293B}
	EndGlobalSection
EndGlobal
