
Microsoft Visual Studio Solution File, Format Version 12.00
# Visual Studio Version 17
VisualStudioVersion = 17.11.35208.52
MinimumVisualStudioVersion = 10.0.40219.1
Project("{FAE04EC0-301F-11D3-BF4B-00C04F79EFBC}") = "leecode796", "leecode796\leecode796.csproj", "{70BC77CB-69E2-4C89-BD27-14CE5DAA601F}"
EndProject
Global
	GlobalSection(SolutionConfigurationPlatforms) = preSolution
		Debug|Any CPU = Debug|Any CPU
		Release|Any CPU = Release|Any CPU
	EndGlobalSection
	GlobalSection(ProjectConfigurationPlatforms) = postSolution
		{70BC77CB-69E2-4C89-BD27-14CE5DAA601F}.Debug|Any CPU.ActiveCfg = Debug|Any CPU
		{70BC77CB-69E2-4C89-BD27-14CE5DAA601F}.Debug|Any CPU.Build.0 = Debug|Any CPU
		{70BC77CB-69E2-4C89-BD27-14CE5DAA601F}.Release|Any CPU.ActiveCfg = Release|Any CPU
		{70BC77CB-69E2-4C89-BD27-14CE5DAA601F}.Release|Any CPU.Build.0 = Release|Any CPU
	EndGlobalSection
	GlobalSection(SolutionProperties) = preSolution
		HideSolutionNode = FALSE
	EndGlobalSection
	GlobalSection(ExtensibilityGlobals) = postSolution
		SolutionGuid = {D33BCF10-D554-441E-8B59-64382BCFDFC2}
	EndGlobalSection
EndGlobal
