
Microsoft Visual Studio Solution File, Format Version 12.00
# Visual Studio Version 17
VisualStudioVersion = 17.11.35208.52
MinimumVisualStudioVersion = 10.0.40219.1
Project("{FAE04EC0-301F-11D3-BF4B-00C04F79EFBC}") = "string", "string\string.csproj", "{A42921CE-0A98-4837-8B7E-0A5A1D770028}"
EndProject
Global
	GlobalSection(SolutionConfigurationPlatforms) = preSolution
		Debug|Any CPU = Debug|Any CPU
		Release|Any CPU = Release|Any CPU
	EndGlobalSection
	GlobalSection(ProjectConfigurationPlatforms) = postSolution
		{A42921CE-0A98-4837-8B7E-0A5A1D770028}.Debug|Any CPU.ActiveCfg = Debug|Any CPU
		{A42921CE-0A98-4837-8B7E-0A5A1D770028}.Debug|Any CPU.Build.0 = Debug|Any CPU
		{A42921CE-0A98-4837-8B7E-0A5A1D770028}.Release|Any CPU.ActiveCfg = Release|Any CPU
		{A42921CE-0A98-4837-8B7E-0A5A1D770028}.Release|Any CPU.Build.0 = Release|Any CPU
	EndGlobalSection
	GlobalSection(SolutionProperties) = preSolution
		HideSolutionNode = FALSE
	EndGlobalSection
	GlobalSection(ExtensibilityGlobals) = postSolution
		SolutionGuid = {8899DEFD-17C2-4191-8FC1-33ACCF5F4314}
	EndGlobalSection
EndGlobal
