
Microsoft Visual Studio Solution File, Format Version 12.00
# Visual Studio Version 17
VisualStudioVersion = 17.11.35208.52
MinimumVisualStudioVersion = 10.0.40219.1
Project("{FAE04EC0-301F-11D3-BF4B-00C04F79EFBC}") = "interfaceExample", "interfaceExample\interfaceExample.csproj", "{82BF3A2C-B645-4F7F-9D5F-0488DB1C9081}"
EndProject
Global
	GlobalSection(SolutionConfigurationPlatforms) = preSolution
		Debug|Any CPU = Debug|Any CPU
		Release|Any CPU = Release|Any CPU
	EndGlobalSection
	GlobalSection(ProjectConfigurationPlatforms) = postSolution
		{82BF3A2C-B645-4F7F-9D5F-0488DB1C9081}.Debug|Any CPU.ActiveCfg = Debug|Any CPU
		{82BF3A2C-B645-4F7F-9D5F-0488DB1C9081}.Debug|Any CPU.Build.0 = Debug|Any CPU
		{82BF3A2C-B645-4F7F-9D5F-0488DB1C9081}.Release|Any CPU.ActiveCfg = Release|Any CPU
		{82BF3A2C-B645-4F7F-9D5F-0488DB1C9081}.Release|Any CPU.Build.0 = Release|Any CPU
	EndGlobalSection
	GlobalSection(SolutionProperties) = preSolution
		HideSolutionNode = FALSE
	EndGlobalSection
	GlobalSection(ExtensibilityGlobals) = postSolution
		SolutionGuid = {13EB4609-C12C-40AC-A97D-1457F1B9AB12}
	EndGlobalSection
EndGlobal
