
Microsoft Visual Studio Solution File, Format Version 12.00
# Visual Studio Version 17
VisualStudioVersion = 17.11.35208.52
MinimumVisualStudioVersion = 10.0.40219.1
Project("{FAE04EC0-301F-11D3-BF4B-00C04F79EFBC}") = "methodOverriding", "methodOverriding\methodOverriding.csproj", "{9E373F1A-18FB-4055-9601-3F1E4130BA17}"
EndProject
Global
	GlobalSection(SolutionConfigurationPlatforms) = preSolution
		Debug|Any CPU = Debug|Any CPU
		Release|Any CPU = Release|Any CPU
	EndGlobalSection
	GlobalSection(ProjectConfigurationPlatforms) = postSolution
		{9E373F1A-18FB-4055-9601-3F1E4130BA17}.Debug|Any CPU.ActiveCfg = Debug|Any CPU
		{9E373F1A-18FB-4055-9601-3F1E4130BA17}.Debug|Any CPU.Build.0 = Debug|Any CPU
		{9E373F1A-18FB-4055-9601-3F1E4130BA17}.Release|Any CPU.ActiveCfg = Release|Any CPU
		{9E373F1A-18FB-4055-9601-3F1E4130BA17}.Release|Any CPU.Build.0 = Release|Any CPU
	EndGlobalSection
	GlobalSection(SolutionProperties) = preSolution
		HideSolutionNode = FALSE
	EndGlobalSection
	GlobalSection(ExtensibilityGlobals) = postSolution
		SolutionGuid = {6E2ED8A7-2046-4777-BEF6-97D241A68096}
	EndGlobalSection
EndGlobal
