
Microsoft Visual Studio Solution File, Format Version 12.00
# Visual Studio Version 17
VisualStudioVersion = 17.11.35208.52
MinimumVisualStudioVersion = 10.0.40219.1
Project("{FAE04EC0-301F-11D3-BF4B-00C04F79EFBC}") = "leetcode-qst-2914", "leetcode-qst-2914\leetcode-qst-2914.csproj", "{9CE787CF-9089-4262-9D16-2AED0D81B083}"
EndProject
Global
	GlobalSection(SolutionConfigurationPlatforms) = preSolution
		Debug|Any CPU = Debug|Any CPU
		Release|Any CPU = Release|Any CPU
	EndGlobalSection
	GlobalSection(ProjectConfigurationPlatforms) = postSolution
		{9CE787CF-9089-4262-9D16-2AED0D81B083}.Debug|Any CPU.ActiveCfg = Debug|Any CPU
		{9CE787CF-9089-4262-9D16-2AED0D81B083}.Debug|Any CPU.Build.0 = Debug|Any CPU
		{9CE787CF-9089-4262-9D16-2AED0D81B083}.Release|Any CPU.ActiveCfg = Release|Any CPU
		{9CE787CF-9089-4262-9D16-2AED0D81B083}.Release|Any CPU.Build.0 = Release|Any CPU
	EndGlobalSection
	GlobalSection(SolutionProperties) = preSolution
		HideSolutionNode = FALSE
	EndGlobalSection
	GlobalSection(ExtensibilityGlobals) = postSolution
		SolutionGuid = {B8ED3280-6E6B-450F-BB21-AA9AD9F2A425}
	EndGlobalSection
EndGlobal
