
Microsoft Visual Studio Solution File, Format Version 12.00
# Visual Studio Version 17
VisualStudioVersion = 17.11.35208.52
MinimumVisualStudioVersion = 10.0.40219.1
Project("{FAE04EC0-301F-11D3-BF4B-00C04F79EFBC}") = "linqInCSharpBasic", "linqInCSharpBasic\linqInCSharpBasic.csproj", "{6C4420AC-8B7D-4138-A9CE-E25C198E2F66}"
EndProject
Global
	GlobalSection(SolutionConfigurationPlatforms) = preSolution
		Debug|Any CPU = Debug|Any CPU
		Release|Any CPU = Release|Any CPU
	EndGlobalSection
	GlobalSection(ProjectConfigurationPlatforms) = postSolution
		{6C4420AC-8B7D-4138-A9CE-E25C198E2F66}.Debug|Any CPU.ActiveCfg = Debug|Any CPU
		{6C4420AC-8B7D-4138-A9CE-E25C198E2F66}.Debug|Any CPU.Build.0 = Debug|Any CPU
		{6C4420AC-8B7D-4138-A9CE-E25C198E2F66}.Release|Any CPU.ActiveCfg = Release|Any CPU
		{6C4420AC-8B7D-4138-A9CE-E25C198E2F66}.Release|Any CPU.Build.0 = Release|Any CPU
	EndGlobalSection
	GlobalSection(SolutionProperties) = preSolution
		HideSolutionNode = FALSE
	EndGlobalSection
	GlobalSection(ExtensibilityGlobals) = postSolution
		SolutionGuid = {01B7A6E8-A7F1-41C3-AA04-FEC3DB1E2EBB}
	EndGlobalSection
EndGlobal
