
Microsoft Visual Studio Solution File, Format Version 12.00
# Visual Studio Version 17
VisualStudioVersion = 17.11.35208.52
MinimumVisualStudioVersion = 10.0.40219.1
Project("{FAE04EC0-301F-11D3-BF4B-00C04F79EFBC}") = "delegatesInCSharp", "delegatesInCSharp\delegatesInCSharp.csproj", "{07675152-9F8A-4721-9D20-DD74A81AC4A7}"
EndProject
Global
	GlobalSection(SolutionConfigurationPlatforms) = preSolution
		Debug|Any CPU = Debug|Any CPU
		Release|Any CPU = Release|Any CPU
	EndGlobalSection
	GlobalSection(ProjectConfigurationPlatforms) = postSolution
		{07675152-9F8A-4721-9D20-DD74A81AC4A7}.Debug|Any CPU.ActiveCfg = Debug|Any CPU
		{07675152-9F8A-4721-9D20-DD74A81AC4A7}.Debug|Any CPU.Build.0 = Debug|Any CPU
		{07675152-9F8A-4721-9D20-DD74A81AC4A7}.Release|Any CPU.ActiveCfg = Release|Any CPU
		{07675152-9F8A-4721-9D20-DD74A81AC4A7}.Release|Any CPU.Build.0 = Release|Any CPU
	EndGlobalSection
	GlobalSection(SolutionProperties) = preSolution
		HideSolutionNode = FALSE
	EndGlobalSection
	GlobalSection(ExtensibilityGlobals) = postSolution
		SolutionGuid = {F30B6969-77BE-47F9-A9FE-16E926908119}
	EndGlobalSection
EndGlobal
